{
  "version": 2,
  "dependencies": {
    "net10.0": {
      "Amazon.Lambda.SQSEvents": {
        "type": "Direct",
        "requested": "[3.0.1, )",
        "resolved": "3.0.1",
        "contentHash": "57cPCJQIDLYzKHXsK6hXZUFH+Ra6JpNXXlyjP/O/hvjBmhRud7EPt4IBgowW8P6s1wqoS+9txmi+iuLwhZ7I4A=="
      },
      "AWSSDK.SQS": {
        "type": "Direct",
        "requested": "[4.0.100.15, )",
        "resolved": "4.0.100.15",
        "contentHash": "A2vyeQSZgH682aI2+1oLQKAp03pPBl2FgLHCm33MBEV/3N5tiy0nwMhJxG+Sb1gRiciO9M9QBu2UidcsuO7PkQ==",
        "dependencies": {
          "AWSSDK.Core": "[4.0.102.8, 5.0.0)"
        }
      },
      "DotNet.ReproducibleBuilds": {
        "type": "Direct",
        "requested": "[2.0.5, )",
        "resolved": "2.0.5",
        "contentHash": "8LrlvI1KpjjJ4VGSqZ16yoOCKlQnYS+Y8rYNifNrscmVh5anJcF9E4e0NiDP30BHBMUbkoJ5KdcxoRWM7Pz9Aw=="
      },
      "AWSSDK.Core": {
        "type": "Transitive",
        "resolved": "4.0.102.8",
        "contentHash": "90B9Skhl+ORbtWNXrrmGdGhGvAfZiPmZafRYrB/xHelZjePIwPvXioqz9UiiF1vo21eDLzTnXh5EC4RjbNWsFQ=="
      },
      "LanguageExt.Core": {
        "type": "Transitive",
        "resolved": "4.4.9",
        "contentHash": "K9VGWkThJkaomifa3zcmwysw1BaSqIZZPZc6trBnJN8u9mpmA/cMMwCWEa/v7bPv/+NnG6PbyIDB7HtxBX7yCQ==",
        "dependencies": {
          "Microsoft.Bcl.AsyncInterfaces": "7.0.0"
        }
      },
      "Microsoft.Bcl.AsyncInterfaces": {
        "type": "Transitive",
        "resolved": "7.0.0",
        "contentHash": "3aeMZ1N0lJoSyzqiP03hqemtb1BijhsJADdobn/4nsMJ8V1H+CrpuduUe4hlRdx+ikBQju1VGjMD1GJ3Sk05Eg=="
      },
      "Microsoft.EntityFrameworkCore": {
        "type": "Transitive",
        "resolved": "10.0.12",
        "contentHash": "e7OrVN8U5yr4kuwdTHWBHGVQIVsGfMkAr0Ej1/BnrS989Q0XBVANpIzNZ2bc1GvMZ0/XwMt5InTnmKskxGy99Q==",
        "dependencies": {
          "Microsoft.EntityFrameworkCore.Abstractions": "10.0.12",
          "Microsoft.EntityFrameworkCore.Analyzers": "10.0.12",
          "Microsoft.Extensions.Caching.Memory": "10.0.12",
          "Microsoft.Extensions.Logging": "10.0.12"
        }
      },
      "Microsoft.EntityFrameworkCore.Abstractions": {
        "type": "Transitive",
        "resolved": "10.0.12",
        "contentHash": "kDrux7T6C3V/YYYe2LXr7x6AEsVyq5Y2YoTE9er1SwbDtap3z1g8RgxNh5eKQVyB4T+DKvBBJ4Ezd/VZzJQJZg=="
      },
      "Microsoft.EntityFrameworkCore.Analyzers": {
        "type": "Transitive",
        "resolved": "10.0.12",
        "contentHash": "Kd4o2oO1A6dfKxjz5LS16QyLtpCFTUiFWwmBABETAXRsSImBdRdWeKjSgbbRhAMiV3a3/nWr95ZtzClT4uaADQ=="
      },
      "Microsoft.EntityFrameworkCore.Relational": {
        "type": "Transitive",
        "resolved": "10.0.12",
        "contentHash": "OiHmr8XzX96dbgMsYGe8qoqg4KxibdZG2r0QUVJBGktFInOp8IrABe8jvcbo5hrqeWfbwpK7fCEBiEPbY/ik4A==",
        "dependencies": {
          "Microsoft.EntityFrameworkCore": "10.0.12",
          "Microsoft.Extensions.Caching.Memory": "10.0.12",
          "Microsoft.Extensions.Configuration.Abstractions": "10.0.12",
          "Microsoft.Extensions.Logging": "10.0.12"
        }
      },
      "Microsoft.Extensions.Caching.Abstractions": {
        "type": "Transitive",
        "resolved": "10.0.12",
        "contentHash": "sI3A6MUAyZwccLnwq0cXuRmC3WBtXieimBWafXSfhRJ4jnM2uGVXrqImDDVyW27u4vVaTOGlJxNJd8d1FGvCNQ==",
        "dependencies": {
          "Microsoft.Extensions.Primitives": "10.0.12"
        }
      },
      "Microsoft.Extensions.Caching.Memory": {
        "type": "Transitive",
        "resolved": "10.0.12",
        "contentHash": "fhC3DHcBcFF4bXvHIxFtXJYNut7q7ZItqNFcgWfrIgmpVImlcEKNHhE7ztpNSPJYMHYYStS5QGND2I5mC26yeA==",
        "dependencies": {
          "Microsoft.Extensions.Caching.Abstractions": "10.0.12",
          "Microsoft.Extensions.DependencyInjection.Abstractions": "10.0.12",
          "Microsoft.Extensions.Logging.Abstractions": "10.0.12",
          "Microsoft.Extensions.Options": "10.0.12",
          "Microsoft.Extensions.Primitives": "10.0.12"
        }
      },
      "Microsoft.Extensions.Configuration.Abstractions": {
        "type": "Transitive",
        "resolved": "10.0.12",
        "contentHash": "8xaGcvS/qZ1otoxPQCEJkNva389CVL/plNcvIETZhQTETYdRkYDPEYhUMoAGONo4FU45ufdfE0j29AfWVVj0wA==",
        "dependencies": {
          "Microsoft.Extensions.Primitives": "10.0.12"
        }
      },
      "Microsoft.Extensions.DependencyInjection.Abstractions": {
        "type": "Transitive",
        "resolved": "10.0.12",
        "contentHash": "9/qymSh7hVDMGTGwrLz8MRp5zRyXy9adGDOs4HwRdnLil3oZGYuWeZjbmHgCQ9BL1qBroVfgUK3U/nb61617Cw=="
      },
      "Microsoft.Extensions.Diagnostics.Abstractions": {
        "type": "Transitive",
        "resolved": "10.0.12",
        "contentHash": "fMp91qlRlMOuHfMyp7LuAnOS+MOeWTF1obJmyFcs4nZCXu6pr+QB1AbFJcl2qpBltBrqF/Y7+Rn9IuNcSuctig==",
        "dependencies": {
          "Microsoft.Extensions.DependencyInjection.Abstractions": "10.0.12",
          "Microsoft.Extensions.Options": "10.0.12"
        }
      },
      "Microsoft.Extensions.FileProviders.Abstractions": {
        "type": "Transitive",
        "resolved": "10.0.12",
        "contentHash": "iQseV6HixWzEYQH4i++84ToIroXnM5jC1TJF4EqBz3lWNG1HBTMYDLkRb6Wm3wk5V6WqSfl7NukO/LYsloGyfg==",
        "dependencies": {
          "Microsoft.Extensions.Primitives": "10.0.12"
        }
      },
      "Microsoft.Extensions.Hosting.Abstractions": {
        "type": "Transitive",
        "resolved": "10.0.12",
        "contentHash": "ZlIxIJtWmrph0Ikj0svSaTkZ+d+ZYpTAhazpf1b3aoFRmlNnNWwkcvqnqT9yKHjKvfBRthvUrkq11OxfItOhpg==",
        "dependencies": {
          "Microsoft.Extensions.Configuration.Abstractions": "10.0.12",
          "Microsoft.Extensions.DependencyInjection.Abstractions": "10.0.12",
          "Microsoft.Extensions.Diagnostics.Abstractions": "10.0.12",
          "Microsoft.Extensions.FileProviders.Abstractions": "10.0.12",
          "Microsoft.Extensions.Logging.Abstractions": "10.0.12"
        }
      },
      "Microsoft.Extensions.Logging": {
        "type": "Transitive",
        "resolved": "10.0.12",
        "contentHash": "6I46fTPfgYkrjRYfRXbho9WOvOelTnNjWuZws/hzGHDASH1LEJeA4VKK9k3wJvido8o7jJSB5WkMTonX7HM1bA==",
        "dependencies": {
          "Microsoft.Extensions.DependencyInjection": "10.0.12",
          "Microsoft.Extensions.Logging.Abstractions": "10.0.12",
          "Microsoft.Extensions.Options": "10.0.12"
        }
      },
      "Microsoft.Extensions.Options": {
        "type": "Transitive",
        "resolved": "10.0.12",
        "contentHash": "TDYD33TSRpXKZWlmTXNlj5kCihxatmv2Ec1u6C+bMYLphCS7PoSLE9Pjd/nunDoE7yETk+LLKjVJX78HYtWjpA==",
        "dependencies": {
          "Microsoft.Extensions.DependencyInjection.Abstractions": "10.0.12",
          "Microsoft.Extensions.Primitives": "10.0.12"
        }
      },
      "Microsoft.Extensions.Primitives": {
        "type": "Transitive",
        "resolved": "10.0.12",
        "contentHash": "dYfCLR52UA+3DL7C4I/pvSaRPkNqxrUAQmbFL2u0zvYKKzqgrFCJl08Df+F1aYc8leu9JvpC9bsURUdpExcBXQ=="
      },
      "Trax.Core": {
        "type": "Transitive",
        "resolved": "1.8.0",
        "contentHash": "db0WwVDsb2cWP5ypIVOZCnoVtdmXiQn90Q9kDRmhgUdIOkh2kdpM2EqhVNWKeEsH+xtym/tG4Xs8UWuKg5ZLKg==",
        "dependencies": {
          "LanguageExt.Core": "4.4.9",
          "Microsoft.Extensions.DependencyInjection.Abstractions": "10.0.3",
          "Microsoft.Extensions.Logging.Abstractions": "10.0.3"
        }
      },
      "trax.scheduler": {
        "type": "Project",
        "dependencies": {
          "Cronos": "[0.13.0, )",
          "Trax.Effect": "[1.57.4, )",
          "Trax.Effect.Data": "[1.57.4, )",
          "Trax.Mediator": "[1.23.3, )"
        }
      },
      "Cronos": {
        "type": "CentralTransitive",
        "requested": "[0.13.0, )",
        "resolved": "0.13.0",
        "contentHash": "Nkve+Yi0+ol3ntSBRHeW0ka9cJQ8vndSUvvkXqF9LVqwpoqWueyxu/HS275r98RDOmF7/mzRnZW5XXUBXob+TA=="
      },
      "Microsoft.Extensions.DependencyInjection": {
        "type": "CentralTransitive",
        "requested": "[10.0.12, )",
        "resolved": "10.0.12",
        "contentHash": "lXyK2O5GoYvfxW8eCFcD16JFbcoSTM1sJkAM0UHS1jZyl9NYMW64Tqm6OQFT0IDBjZi+xHt95/Zg+nxZhGFhZg==",
        "dependencies": {
          "Microsoft.Extensions.DependencyInjection.Abstractions": "10.0.12"
        }
      },
      "Microsoft.Extensions.Logging.Abstractions": {
        "type": "CentralTransitive",
        "requested": "[10.0.12, )",
        "resolved": "10.0.12",
        "contentHash": "+24lC4plfbEDNfLAdTV/SWKS7dW+16X4HdydO3R++134kSNTzcbYA4KpR1Hdh6uWisB8Za3AzwyOn+K+NxWIug==",
        "dependencies": {
          "Microsoft.Extensions.DependencyInjection.Abstractions": "10.0.12"
        }
      },
      "Npgsql": {
        "type": "CentralTransitive",
        "requested": "[10.0.3, )",
        "resolved": "10.0.3",
        "contentHash": "7nb5YzXuvWWJxB0J8DiyL3we+X4FOctZrt0fIBnucOIaIevFEEwGQVZKtiu9olXdlNAK1eNgqSral6r/jlhI4w==",
        "dependencies": {
          "Microsoft.Extensions.Logging.Abstractions": "10.0.0"
        }
      },
      "Trax.Effect": {
        "type": "CentralTransitive",
        "requested": "[1.57.4, )",
        "resolved": "1.57.4",
        "contentHash": "AK5rRmSxaevCLYJXGMRqwI4FLX4zGMDdOIHX4p9kelTeuYjwdqEeiRcTzZK32neFgttpHx91lHwDVfAtQVsqhQ==",
        "dependencies": {
          "Microsoft.Extensions.Hosting.Abstractions": "10.0.12",
          "Microsoft.Extensions.Logging.Abstractions": "10.0.12",
          "Trax.Core": "1.8.0"
        }
      },
      "Trax.Effect.Data": {
        "type": "CentralTransitive",
        "requested": "[1.57.4, )",
        "resolved": "1.57.4",
        "contentHash": "wR2N7gU9gc3DMjed8tk5ecHaKy3nyPbeHTvIM7nOXBhndYZbJDRtyJg1/qMscTqi/xRVetffBRDbr0Z5Zrx9VQ==",
        "dependencies": {
          "Microsoft.EntityFrameworkCore": "10.0.12",
          "Microsoft.EntityFrameworkCore.Relational": "10.0.12",
          "Microsoft.Extensions.DependencyInjection": "10.0.12",
          "Microsoft.Extensions.Hosting.Abstractions": "10.0.12",
          "Microsoft.Extensions.Logging": "10.0.12",
          "Microsoft.Extensions.Logging.Abstractions": "10.0.12",
          "Npgsql": "10.0.3",
          "Trax.Core": "1.8.0",
          "Trax.Effect": "1.57.4"
        }
      },
      "Trax.Mediator": {
        "type": "CentralTransitive",
        "requested": "[1.23.3, )",
        "resolved": "1.23.3",
        "contentHash": "+GcjdUo5TKZtd/NHMG2l+IcK9Zf4zwxA8pB0Fyrwyx9iZDEZkgkA5zz6NzJUJNDf8ICq27/KbLNVS8vFOxs64w==",
        "dependencies": {
          "Microsoft.Extensions.DependencyInjection": "10.0.12",
          "Trax.Effect": "1.57.4",
          "Trax.Effect.Data": "1.57.4"
        }
      }
    }
  }
}