{
  "version": 2,
  "dependencies": {
    "net10.0": {
      "Amazon.Lambda.Core": {
        "type": "Direct",
        "requested": "[3.1.1, )",
        "resolved": "3.1.1",
        "contentHash": "SDmbFgGft2QRxUjZQwFVAzq15F2hPNzI2xG4ZGFKY4DwoErwfJfp1/h7V/vIahwSjZ0oEoAoTX4QP/nJXeZF8Q=="
      },
      "Amazon.Lambda.Serialization.SystemTextJson": {
        "type": "Direct",
        "requested": "[3.0.0, )",
        "resolved": "3.0.0",
        "contentHash": "8lKS2w8Ww+Kq41mRmedL3lYLVr+UE0tzN2FwOigxKe+hzDbWJIMXZwVHwf53RsdFsYZlaTmW4WHE56W/1Fk3Hg==",
        "dependencies": {
          "Amazon.Lambda.Core": "3.0.0"
        }
      },
      "DotNet.ReproducibleBuilds": {
        "type": "Direct",
        "requested": "[2.0.5, )",
        "resolved": "2.0.5",
        "contentHash": "8LrlvI1KpjjJ4VGSqZ16yoOCKlQnYS+Y8rYNifNrscmVh5anJcF9E4e0NiDP30BHBMUbkoJ5KdcxoRWM7Pz9Aw=="
      },
      "Microsoft.Extensions.Configuration.Json": {
        "type": "Direct",
        "requested": "[10.0.10, )",
        "resolved": "10.0.10",
        "contentHash": "uvJ6sHwjgrkMEJOgiC76G0mcZGXerwyyWkwX34EOjCbxKG6TCtfAoqDKAMsCvEBf9HxjlGQEgqsSMOGCmGBf+A=="
      },
      "LanguageExt.Core": {
        "type": "Transitive",
        "resolved": "4.4.9",
        "contentHash": "K9VGWkThJkaomifa3zcmwysw1BaSqIZZPZc6trBnJN8u9mpmA/cMMwCWEa/v7bPv/+NnG6PbyIDB7HtxBX7yCQ==",
        "dependencies": {
          "Microsoft.Bcl.AsyncInterfaces": "7.0.0"
        }
      },
      "Microsoft.Bcl.AsyncInterfaces": {
        "type": "Transitive",
        "resolved": "7.0.0",
        "contentHash": "3aeMZ1N0lJoSyzqiP03hqemtb1BijhsJADdobn/4nsMJ8V1H+CrpuduUe4hlRdx+ikBQju1VGjMD1GJ3Sk05Eg=="
      },
      "Microsoft.EntityFrameworkCore": {
        "type": "Transitive",
        "resolved": "10.0.3",
        "contentHash": "CDEImwD4A7BseABJMCpLZnhfFjmPY/bHwhhS70elc6gLI/bYUEOhxWt7PmaNGYGhIEzOnStlCy5QcVb+8dod5Q==",
        "dependencies": {
          "Microsoft.EntityFrameworkCore.Abstractions": "10.0.3",
          "Microsoft.EntityFrameworkCore.Analyzers": "10.0.3"
        }
      },
      "Microsoft.EntityFrameworkCore.Abstractions": {
        "type": "Transitive",
        "resolved": "10.0.3",
        "contentHash": "c7Uoz381xnMHNBRB8eHRhGgzUtXbgddlbODhwZRrTSzZWDharp3RkJsFwhxyESbeXhCqmML7VdvjMQ7uu+HreA=="
      },
      "Microsoft.EntityFrameworkCore.Analyzers": {
        "type": "Transitive",
        "resolved": "10.0.3",
        "contentHash": "lVABgJTyTUNE7Bi0bSu4dWHiCHIXEGzTh/kLh0N07IgU/tIKwTeBPp8tgV4x2iKj4h7iPLo8oXzyHmLDGtAE1g=="
      },
      "Microsoft.EntityFrameworkCore.Relational": {
        "type": "Transitive",
        "resolved": "10.0.3",
        "contentHash": "Pmh60OK9neVr/M0FJwm9hlzm2bD4Kd65SID8E6SP5c90tExNgXwORrlEWl0oGU/ig9ifpNN4PSpIrnHNozlT5w==",
        "dependencies": {
          "Microsoft.EntityFrameworkCore": "10.0.3"
        }
      },
      "Trax.Core": {
        "type": "Transitive",
        "resolved": "1.6.0",
        "contentHash": "B0jTB0jsxtaT7dDnYrbhWHd083RMMKzlCh6AX34wYcMQCKuL+N9nObPLrzZaF3YekAVVFn2+zyIocdN28mIqCA==",
        "dependencies": {
          "LanguageExt.Core": "4.4.9"
        }
      },
      "trax.scheduler": {
        "type": "Project",
        "dependencies": {
          "Cronos": "[0.13.0, )",
          "Trax.Effect": "[1.41.0, )",
          "Trax.Effect.Data": "[1.41.0, )",
          "Trax.Mediator": "[1.20.0, )"
        }
      },
      "Cronos": {
        "type": "CentralTransitive",
        "requested": "[0.13.0, )",
        "resolved": "0.13.0",
        "contentHash": "Nkve+Yi0+ol3ntSBRHeW0ka9cJQ8vndSUvvkXqF9LVqwpoqWueyxu/HS275r98RDOmF7/mzRnZW5XXUBXob+TA=="
      },
      "Npgsql": {
        "type": "CentralTransitive",
        "requested": "[10.0.3, )",
        "resolved": "10.0.3",
        "contentHash": "7nb5YzXuvWWJxB0J8DiyL3we+X4FOctZrt0fIBnucOIaIevFEEwGQVZKtiu9olXdlNAK1eNgqSral6r/jlhI4w=="
      },
      "Trax.Effect": {
        "type": "CentralTransitive",
        "requested": "[1.41.0, )",
        "resolved": "1.41.0",
        "contentHash": "Tkeyd43vbDbKQ0tA7qoCCKZi21epAmnnDOIAqtQccqT0WxfujFifbtd56Sjgm4fs72KwUNDtbpjTWiGKA7+uNQ==",
        "dependencies": {
          "Trax.Core": "1.6.0"
        }
      },
      "Trax.Effect.Data": {
        "type": "CentralTransitive",
        "requested": "[1.41.0, )",
        "resolved": "1.41.0",
        "contentHash": "3tr5igE+6JGXhLt1JlggSgJx+4y4AOmtnBBTIDbyvfLrdGj4Al4KNmJphzjf3KWCwMlMgoNaWTu7z2MageeE0g==",
        "dependencies": {
          "Microsoft.EntityFrameworkCore": "10.0.3",
          "Microsoft.EntityFrameworkCore.Relational": "10.0.3",
          "Npgsql": "10.0.1",
          "Trax.Effect": "1.41.0"
        }
      },
      "Trax.Mediator": {
        "type": "CentralTransitive",
        "requested": "[1.20.0, )",
        "resolved": "1.20.0",
        "contentHash": "++o5w7hEaf9SS+qyzvY2++kSECmUg1rvckCraFK+kVZ9eTYcgTJZ4jggtU/njDiZae64Fk34KE7LTS7THed/VA==",
        "dependencies": {
          "Trax.Effect": "1.41.0",
          "Trax.Effect.Data": "1.41.0"
        }
      }
    }
  }
}