{
  "version": 2,
  "dependencies": {
    "net10.0": {
      "Cronos": {
        "type": "Direct",
        "requested": "[0.13.0, )",
        "resolved": "0.13.0",
        "contentHash": "Nkve+Yi0+ol3ntSBRHeW0ka9cJQ8vndSUvvkXqF9LVqwpoqWueyxu/HS275r98RDOmF7/mzRnZW5XXUBXob+TA=="
      },
      "DotNet.ReproducibleBuilds": {
        "type": "Direct",
        "requested": "[2.0.5, )",
        "resolved": "2.0.5",
        "contentHash": "8LrlvI1KpjjJ4VGSqZ16yoOCKlQnYS+Y8rYNifNrscmVh5anJcF9E4e0NiDP30BHBMUbkoJ5KdcxoRWM7Pz9Aw=="
      },
      "Trax.Effect": {
        "type": "Direct",
        "requested": "[1.57.4, )",
        "resolved": "1.57.4",
        "contentHash": "AK5rRmSxaevCLYJXGMRqwI4FLX4zGMDdOIHX4p9kelTeuYjwdqEeiRcTzZK32neFgttpHx91lHwDVfAtQVsqhQ==",
        "dependencies": {
          "Trax.Core": "1.8.0"
        }
      },
      "Trax.Effect.Data": {
        "type": "Direct",
        "requested": "[1.57.4, )",
        "resolved": "1.57.4",
        "contentHash": "wR2N7gU9gc3DMjed8tk5ecHaKy3nyPbeHTvIM7nOXBhndYZbJDRtyJg1/qMscTqi/xRVetffBRDbr0Z5Zrx9VQ==",
        "dependencies": {
          "Microsoft.EntityFrameworkCore": "10.0.12",
          "Microsoft.EntityFrameworkCore.Relational": "10.0.12",
          "Npgsql": "10.0.3",
          "Trax.Core": "1.8.0",
          "Trax.Effect": "1.57.4"
        }
      },
      "Trax.Mediator": {
        "type": "Direct",
        "requested": "[1.23.3, )",
        "resolved": "1.23.3",
        "contentHash": "+GcjdUo5TKZtd/NHMG2l+IcK9Zf4zwxA8pB0Fyrwyx9iZDEZkgkA5zz6NzJUJNDf8ICq27/KbLNVS8vFOxs64w==",
        "dependencies": {
          "Trax.Effect": "1.57.4",
          "Trax.Effect.Data": "1.57.4"
        }
      },
      "LanguageExt.Core": {
        "type": "Transitive",
        "resolved": "4.4.9",
        "contentHash": "K9VGWkThJkaomifa3zcmwysw1BaSqIZZPZc6trBnJN8u9mpmA/cMMwCWEa/v7bPv/+NnG6PbyIDB7HtxBX7yCQ==",
        "dependencies": {
          "Microsoft.Bcl.AsyncInterfaces": "7.0.0"
        }
      },
      "Microsoft.Bcl.AsyncInterfaces": {
        "type": "Transitive",
        "resolved": "7.0.0",
        "contentHash": "3aeMZ1N0lJoSyzqiP03hqemtb1BijhsJADdobn/4nsMJ8V1H+CrpuduUe4hlRdx+ikBQju1VGjMD1GJ3Sk05Eg=="
      },
      "Microsoft.EntityFrameworkCore": {
        "type": "Transitive",
        "resolved": "10.0.12",
        "contentHash": "e7OrVN8U5yr4kuwdTHWBHGVQIVsGfMkAr0Ej1/BnrS989Q0XBVANpIzNZ2bc1GvMZ0/XwMt5InTnmKskxGy99Q==",
        "dependencies": {
          "Microsoft.EntityFrameworkCore.Abstractions": "10.0.12",
          "Microsoft.EntityFrameworkCore.Analyzers": "10.0.12"
        }
      },
      "Microsoft.EntityFrameworkCore.Abstractions": {
        "type": "Transitive",
        "resolved": "10.0.12",
        "contentHash": "kDrux7T6C3V/YYYe2LXr7x6AEsVyq5Y2YoTE9er1SwbDtap3z1g8RgxNh5eKQVyB4T+DKvBBJ4Ezd/VZzJQJZg=="
      },
      "Microsoft.EntityFrameworkCore.Analyzers": {
        "type": "Transitive",
        "resolved": "10.0.12",
        "contentHash": "Kd4o2oO1A6dfKxjz5LS16QyLtpCFTUiFWwmBABETAXRsSImBdRdWeKjSgbbRhAMiV3a3/nWr95ZtzClT4uaADQ=="
      },
      "Microsoft.EntityFrameworkCore.Relational": {
        "type": "Transitive",
        "resolved": "10.0.12",
        "contentHash": "OiHmr8XzX96dbgMsYGe8qoqg4KxibdZG2r0QUVJBGktFInOp8IrABe8jvcbo5hrqeWfbwpK7fCEBiEPbY/ik4A==",
        "dependencies": {
          "Microsoft.EntityFrameworkCore": "10.0.12"
        }
      },
      "Trax.Core": {
        "type": "Transitive",
        "resolved": "1.8.0",
        "contentHash": "db0WwVDsb2cWP5ypIVOZCnoVtdmXiQn90Q9kDRmhgUdIOkh2kdpM2EqhVNWKeEsH+xtym/tG4Xs8UWuKg5ZLKg==",
        "dependencies": {
          "LanguageExt.Core": "4.4.9"
        }
      },
      "Npgsql": {
        "type": "CentralTransitive",
        "requested": "[10.0.3, )",
        "resolved": "10.0.3",
        "contentHash": "7nb5YzXuvWWJxB0J8DiyL3we+X4FOctZrt0fIBnucOIaIevFEEwGQVZKtiu9olXdlNAK1eNgqSral6r/jlhI4w=="
      }
    }
  }
}